Microsoft Visual Studio Solution File, Format Version 12.00
# Visual Studio Version 17
VisualStudioVersion = 17.0.31611.283
MinimumVisualStudioVersion = 10.0.40219.1
Project("{9A19103F-16F7-4668-BE54-9A1E7A4F7556}") = "VoicePreProcessing", "VoicePreProcessing\VoicePreProcessing.csproj", "{AC8A6ACB-A74B-4264-911A-064577FE9F42}"
EndProject
Project("{FAE04EC0-301F-11D3-BF4B-00C04F79EFBC}") = "Services", "Services\Services.csproj", "{3325BD85-4CDC-49CA-BAA2-174D4ACA3754}"
EndProject
Global
	GlobalSection(SolutionConfigurationPlatforms) = preSolution
		Debug|Any CPU = Debug|Any CPU
		Release|Any CPU = Release|Any CPU
	EndGlobalSection
	GlobalSection(ProjectConfigurationPlatforms) = postSolution
		{AC8A6ACB-A74B-4264-911A-064577FE9F42}.Debug|Any CPU.ActiveCfg = Debug|Any CPU
		{AC8A6ACB-A74B-4264-911A-064577FE9F42}.Debug|Any CPU.Build.0 = Debug|Any CPU
		{AC8A6ACB-A74B-4264-911A-064577FE9F42}.Debug|Any CPU.Deploy.0 = Debug|Any CPU
		{AC8A6ACB-A74B-4264-911A-064577FE9F42}.Release|Any CPU.ActiveCfg = Release|Any CPU
		{AC8A6ACB-A74B-4264-911A-064577FE9F42}.Release|Any CPU.Build.0 = Release|Any CPU
		{AC8A6ACB-A74B-4264-911A-064577FE9F42}.Release|Any CPU.Deploy.0 = Release|Any CPU
		{3325BD85-4CDC-49CA-BAA2-174D4ACA3754}.Debug|Any CPU.ActiveCfg = Debug|Any CPU
		{3325BD85-4CDC-49CA-BAA2-174D4ACA3754}.Debug|Any CPU.Build.0 = Debug|Any CPU
		{3325BD85-4CDC-49CA-BAA2-174D4ACA3754}.Release|Any CPU.ActiveCfg = Release|Any CPU
		{3325BD85-4CDC-49CA-BAA2-174D4ACA3754}.Release|Any CPU.Build.0 = Release|Any CPU
	EndGlobalSection
	GlobalSection(SolutionProperties) = preSolution
		HideSolutionNode = FALSE
	EndGlobalSection
	GlobalSection(ExtensibilityGlobals) = postSolution
		        SolutionGuid = {61F7FB11-1E47-470C-91E2-47F8143E1572}
		SolutionGuid = {FAB07DC9-9BBF-46FA-B8FF-98D08811B032}
	EndGlobalSection
EndGlobal
